
Microsoft Visual Studio Solution File, Format Version 12.00
# Visual Studio Version 17
VisualStudioVersion = 17.12.35527.113 d17.12
MinimumVisualStudioVersion = 10.0.40219.1
Project("{FAE04EC0-301F-11D3-BF4B-00C04F79EFBC}") = "DroneApp", "DroneApp\DroneApp.csproj", "{5DF1912F-BF10-48BF-A7C8-945B7DB1FEEF}"
EndProject
Global
	GlobalSection(SolutionConfigurationPlatforms) = preSolution
		Debug|Any CPU = Debug|Any CPU
		Release|Any CPU = Release|Any CPU
	EndGlobalSection
	GlobalSection(ProjectConfigurationPlatforms) = postSolution
		{5DF1912F-BF10-48BF-A7C8-945B7DB1FEEF}.Debug|Any CPU.ActiveCfg = Debug|Any CPU
		{5DF1912F-BF10-48BF-A7C8-945B7DB1FEEF}.Debug|Any CPU.Build.0 = Debug|Any CPU
		{5DF1912F-BF10-48BF-A7C8-945B7DB1FEEF}.Release|Any CPU.ActiveCfg = Release|Any CPU
		{5DF1912F-BF10-48BF-A7C8-945B7DB1FEEF}.Release|Any CPU.Build.0 = Release|Any CPU
	EndGlobalSection
	GlobalSection(SolutionProperties) = preSolution
		HideSolutionNode = FALSE
	EndGlobalSection
EndGlobal
